{
  "name": "@tauruses/taurus",
  "version": "0.0.1",
  "lockfileVersion": 2,
  "requires": true,
  "packages": {
    "": {
      "name": "@tauruses/taurus",
      "version": "0.0.1",
      "license": "ISC",
      "workspaces": [
        "./packages/*"
      ],
      "devDependencies": {
        "typescript": "^4.9.5"
      }
    },
    "node_modules/tau-heading": {
      "resolved": "packages/tau-heading",
      "link": true
    },
    "node_modules/@tauruses/tau-hello": {
      "resolved": "packages/tau-hello",
      "link": true
    },
    "node_modules/typescript": {
      "version": "4.9.5",
      "resolved": "https://registry.npmmirror.com/typescript/-/typescript-4.9.5.tgz",
      "integrity": "sha512-1FXk9E2Hm+QzZQ7z+McJiHL4NW1F2EzMu9Nq9i3zAaGqibafqYwCVU6WyWAuyQRRzOlxou8xZSyXLEN8oKj24g==",
      "dev": true,
      "bin": {
        "tsc": "bin/tsc",
        "tsserver": "bin/tsserver"
      },
      "engines": {
        "node": ">=4.2.0"
      }
    },
    "packages/tau-heading": {
      "name": "@tauruses/tau-heading",
      "version": "0.0.2",
      "license": "ISC"
    },
    "packages/tau-hello": {
      "name": "@tauruses/tau-hello",
      "version": "0.0.1",
      "license": "ISC"
    }
  },
  "dependencies": {
    "tau-heading": {
      "version": "file:packages/tau-heading"
    },
    "@tauruses/tau-hello": {
      "version": "file:packages/tau-hello"
    },
    "typescript": {
      "version": "4.9.5",
      "resolved": "https://registry.npmmirror.com/typescript/-/typescript-4.9.5.tgz",
      "integrity": "sha512-1FXk9E2Hm+QzZQ7z+McJiHL4NW1F2EzMu9Nq9i3zAaGqibafqYwCVU6WyWAuyQRRzOlxou8xZSyXLEN8oKj24g==",
      "dev": true
    }
  }
}
